// !$*UTF8*$!
{
	archiveVersion = 1;
	classes = {
	};
	objectVersion = 50;
	objects = {

/* Begin PBXBuildFile section */
		531412F224F7324600173EC3 /* SellToys.storyboard in Resources */ = {isa = PBXBuildFile; fileRef = 531412F124F7324600173EC3 /* SellToys.storyboard */; };
		531412F424F7325600173EC3 /* SellToysViewController.swift in Sources */ = {isa = PBXBuildFile; fileRef = 531412F324F7325600173EC3 /* SellToysViewController.swift */; };
		531412F624F7329700173EC3 /* PlayDate.storyboard in Resources */ = {isa = PBXBuildFile; fileRef = 531412F524F7329700173EC3 /* PlayDate.storyboard */; };
		531412F824F732A200173EC3 /* PlayDateViewController.swift in Sources */ = {isa = PBXBuildFile; fileRef = 531412F724F732A200173EC3 /* PlayDateViewController.swift */; };
		531412FA24F732B000173EC3 /* ChangeTime.storyboard in Resources */ = {isa = PBXBuildFile; fileRef = 531412F924F732B000173EC3 /* ChangeTime.storyboard */; };
		531412FC24F732BC00173EC3 /* ChangeTimeViewController.swift in Sources */ = {isa = PBXBuildFile; fileRef = 531412FB24F732BC00173EC3 /* ChangeTimeViewController.swift */; };
		5322D2D724F4BD3500700316 /* AppDelegate.swift in Sources */ = {isa = PBXBuildFile; fileRef = 5322D2D624F4BD3500700316 /* AppDelegate.swift */; };
		5322D2D924F4BD3500700316 /* SceneDelegate.swift in Sources */ = {isa = PBXBuildFile; fileRef = 5322D2D824F4BD3500700316 /* SceneDelegate.swift */; };
		5322D2DB24F4BD3500700316 /* ViewController.swift in Sources */ = {isa = PBXBuildFile; fileRef = 5322D2DA24F4BD3500700316 /* ViewController.swift */; };
		5322D2DE24F4BD3500700316 /* Main.storyboard in Resources */ = {isa = PBXBuildFile; fileRef = 5322D2DC24F4BD3500700316 /* Main.storyboard */; };
		5322D2E024F4BD3700700316 /* Assets.xcassets in Resources */ = {isa = PBXBuildFile; fileRef = 5322D2DF24F4BD3700700316 /* Assets.xcassets */; };
		5322D2E324F4BD3700700316 /* LaunchScreen.storyboard in Resources */ = {isa = PBXBuildFile; fileRef = 5322D2E124F4BD3700700316 /* LaunchScreen.storyboard */; };
		536AE70124F5E2D400ED558B /* SelectionView.storyboard in Resources */ = {isa = PBXBuildFile; fileRef = 536AE70024F5E2D400ED558B /* SelectionView.storyboard */; };
		536AE70324F5E2E100ED558B /* SelectionViewController.swift in Sources */ = {isa = PBXBuildFile; fileRef = 536AE70224F5E2E100ED558B /* SelectionViewController.swift */; };
		538926AC24F5E02900FFC71B /* ScheduleViewController.swift in Sources */ = {isa = PBXBuildFile; fileRef = 538926AB24F5E02900FFC71B /* ScheduleViewController.swift */; };
		538926AE24F5E05300FFC71B /* ContactViewController.swift in Sources */ = {isa = PBXBuildFile; fileRef = 538926AD24F5E05300FFC71B /* ContactViewController.swift */; };
		538926B324F5E08B00FFC71B /* ScheduleView.storyboard in Resources */ = {isa = PBXBuildFile; fileRef = 538926B224F5E08B00FFC71B /* ScheduleView.storyboard */; };
		538926B524F5E09600FFC71B /* Contact.storyboard in Resources */ = {isa = PBXBuildFile; fileRef = 538926B424F5E09600FFC71B /* Contact.storyboard */; };
		538D4A0E24F99AF50076CD49 /* PriceSelection.storyboard in Resources */ = {isa = PBXBuildFile; fileRef = 538D4A0D24F99AF50076CD49 /* PriceSelection.storyboard */; };
		538D4A1024F99B030076CD49 /* PriceSelectionViewController.swift in Sources */ = {isa = PBXBuildFile; fileRef = 538D4A0F24F99B030076CD49 /* PriceSelectionViewController.swift */; };
/* End PBXBuildFile section */

/* Begin PBXFileReference section */
		531412F124F7324600173EC3 /* SellToys.storyboard */ = {isa = PBXFileReference; lastKnownFileType = file.storyboard; path = SellToys.storyboard; sourceTree = "<group>"; };
		531412F324F7325600173EC3 /* SellToysViewController.swift */ = {isa = PBXFileReference; lastKnownFileType = sourcecode.swift; path = SellToysViewController.swift; sourceTree = "<group>"; };
		531412F524F7329700173EC3 /* PlayDate.storyboard */ = {isa = PBXFileReference; lastKnownFileType = file.storyboard; path = PlayDate.storyboard; sourceTree = "<group>"; };
		531412F724F732A200173EC3 /* PlayDateViewController.swift */ = {isa = PBXFileReference; lastKnownFileType = sourcecode.swift; path = PlayDateViewController.swift; sourceTree = "<group>"; };
		531412F924F732B000173EC3 /* ChangeTime.storyboard */ = {isa = PBXFileReference; lastKnownFileType = file.storyboard; path = ChangeTime.storyboard; sourceTree = "<group>"; };
		531412FB24F732BC00173EC3 /* ChangeTimeViewController.swift */ = {isa = PBXFileReference; lastKnownFileType = sourcecode.swift; path = ChangeTimeViewController.swift; sourceTree = "<group>"; };
		5322D2D324F4BD3500700316 /* Toddlers.app */ = {isa = PBXFileReference; explicitFileType = wrapper.application; includeInIndex = 0; path = Toddlers.app; sourceTree = BUILT_PRODUCTS_DIR; };
		5322D2D624F4BD3500700316 /* AppDelegate.swift */ = {isa = PBXFileReference; lastKnownFileType = sourcecode.swift; path = AppDelegate.swift; sourceTree = "<group>"; };
		5322D2D824F4BD3500700316 /* SceneDelegate.swift */ = {isa = PBXFileReference; lastKnownFileType = sourcecode.swift; path = SceneDelegate.swift; sourceTree = "<group>"; };
		5322D2DA24F4BD3500700316 /* ViewController.swift */ = {isa = PBXFileReference; lastKnownFileType = sourcecode.swift; path = ViewController.swift; sourceTree = "<group>"; };
		5322D2DD24F4BD3500700316 /* Base */ = {isa = PBXFileReference; lastKnownFileType = file.storyboard; name = Base; path = Base.lproj/Main.storyboard; sourceTree = "<group>"; };
		5322D2DF24F4BD3700700316 /* Assets.xcassets */ = {isa = PBXFileReference; lastKnownFileType = folder.assetcatalog; path = Assets.xcassets; sourceTree = "<group>"; };
		5322D2E224F4BD3700700316 /* Base */ = {isa = PBXFileReference; lastKnownFileType = file.storyboard; name = Base; path = Base.lproj/LaunchScreen.storyboard; sourceTree = "<group>"; };
		5322D2E424F4BD3700700316 /* Info.plist */ = {isa = PBXFileReference; lastKnownFileType = text.plist.xml; path = Info.plist; sourceTree = "<group>"; };
		536AE70024F5E2D400ED558B /* SelectionView.storyboard */ = {isa = PBXFileReference; lastKnownFileType = file.storyboard; path = SelectionView.storyboard; sourceTree = "<group>"; };
		536AE70224F5E2E100ED558B /* SelectionViewController.swift */ = {isa = PBXFileReference; lastKnownFileType = sourcecode.swift; path = SelectionViewController.swift; sourceTree = "<group>"; };
		538926AB24F5E02900FFC71B /* ScheduleViewController.swift */ = {isa = PBXFileReference; lastKnownFileType = sourcecode.swift; path = ScheduleViewController.swift; sourceTree = "<group>"; };
		538926AD24F5E05300FFC71B /* ContactViewController.swift */ = {isa = PBXFileReference; lastKnownFileType = sourcecode.swift; path = ContactViewController.swift; sourceTree = "<group>"; };
		538926B224F5E08B00FFC71B /* ScheduleView.storyboard */ = {isa = PBXFileReference; lastKnownFileType = file.storyboard; path = ScheduleView.storyboard; sourceTree = "<group>"; };
		538926B424F5E09600FFC71B /* Contact.storyboard */ = {isa = PBXFileReference; lastKnownFileType = file.storyboard; path = Contact.storyboard; sourceTree = "<group>"; };
		538D4A0D24F99AF50076CD49 /* PriceSelection.storyboard */ = {isa = PBXFileReference; lastKnownFileType = file.storyboard; path = PriceSelection.storyboard; sourceTree = "<group>"; };
		538D4A0F24F99B030076CD49 /* PriceSelectionViewController.swift */ = {isa = PBXFileReference; lastKnownFileType = sourcecode.swift; path = PriceSelectionViewController.swift; sourceTree = "<group>"; };
/* End PBXFileReference section */

/* Begin PBXFrameworksBuildPhase section */
		5322D2D024F4BD3500700316 /* Frameworks */ = {
			isa = PBXFrameworksBuildPhase;
			buildActionMask = 2147483647;
			files = (
			);
			runOnlyForDeploymentPostprocessing = 0;
		};
/* End PBXFrameworksBuildPhase section */

/* Begin PBXGroup section */
		5322D2CA24F4BD3500700316 = {
			isa = PBXGroup;
			children = (
				5322D2D524F4BD3500700316 /* Toddlers */,
				5322D2D424F4BD3500700316 /* Products */,
			);
			sourceTree = "<group>";
		};
		5322D2D424F4BD3500700316 /* Products */ = {
			isa = PBXGroup;
			children = (
				5322D2D324F4BD3500700316 /* Toddlers.app */,
			);
			name = Products;
			sourceTree = "<group>";
		};
		5322D2D524F4BD3500700316 /* Toddlers */ = {
			isa = PBXGroup;
			children = (
				53B3047824FAF61D00627BED /* Cells */,
				5322D2D624F4BD3500700316 /* AppDelegate.swift */,
				5322D2D824F4BD3500700316 /* SceneDelegate.swift */,
				538926AF24F5E05F00FFC71B /* Storyboards */,
				538926AA24F5DFFD00FFC71B /* View Controllers */,
				5322D2DF24F4BD3700700316 /* Assets.xcassets */,
				5322D2E124F4BD3700700316 /* LaunchScreen.storyboard */,
				5322D2E424F4BD3700700316 /* Info.plist */,
			);
			path = Toddlers;
			sourceTree = "<group>";
		};
		538926AA24F5DFFD00FFC71B /* View Controllers */ = {
			isa = PBXGroup;
			children = (
				5322D2DA24F4BD3500700316 /* ViewController.swift */,
				536AE70224F5E2E100ED558B /* SelectionViewController.swift */,
				538926AB24F5E02900FFC71B /* ScheduleViewController.swift */,
				531412F724F732A200173EC3 /* PlayDateViewController.swift */,
				531412F324F7325600173EC3 /* SellToysViewController.swift */,
				538926AD24F5E05300FFC71B /* ContactViewController.swift */,
				531412FB24F732BC00173EC3 /* ChangeTimeViewController.swift */,
				538D4A0F24F99B030076CD49 /* PriceSelectionViewController.swift */,
			);
			path = "View Controllers";
			sourceTree = "<group>";
		};
		538926AF24F5E05F00FFC71B /* Storyboards */ = {
			isa = PBXGroup;
			children = (
				5322D2DC24F4BD3500700316 /* Main.storyboard */,
				536AE70024F5E2D400ED558B /* SelectionView.storyboard */,
				538926B224F5E08B00FFC71B /* ScheduleView.storyboard */,
				538926B424F5E09600FFC71B /* Contact.storyboard */,
				531412F124F7324600173EC3 /* SellToys.storyboard */,
				531412F524F7329700173EC3 /* PlayDate.storyboard */,
				531412F924F732B000173EC3 /* ChangeTime.storyboard */,
				538D4A0D24F99AF50076CD49 /* PriceSelection.storyboard */,
			);
			path = Storyboards;
			sourceTree = "<group>";
		};
		53B3047824FAF61D00627BED /* Cells */ = {
			isa = PBXGroup;
			children = (
			);
			path = Cells;
			sourceTree = "<group>";
		};
/* End PBXGroup section */

/* Begin PBXNativeTarget section */
		5322D2D224F4BD3500700316 /* Toddlers */ = {
			isa = PBXNativeTarget;
			buildConfigurationList = 5322D2E724F4BD3700700316 /* Build configuration list for PBXNativeTarget "Toddlers" */;
			buildPhases = (
				5322D2CF24F4BD3500700316 /* Sources */,
				5322D2D024F4BD3500700316 /* Frameworks */,
				5322D2D124F4BD3500700316 /* Resources */,
			);
			buildRules = (
			);
			dependencies = (
			);
			name = Toddlers;
			productName = Toddlers;
			productReference = 5322D2D324F4BD3500700316 /* Toddlers.app */;
			productType = "com.apple.product-type.application";
		};
/* End PBXNativeTarget section */

/* Begin PBXProject section */
		5322D2CB24F4BD3500700316 /* Project object */ = {
			isa = PBXProject;
			attributes = {
				LastSwiftUpdateCheck = 1160;
				LastUpgradeCheck = 1160;
				ORGANIZATIONNAME = "Christian Elijah";
				TargetAttributes = {
					5322D2D224F4BD3500700316 = {
						CreatedOnToolsVersion = 11.6;
					};
				};
			};
			buildConfigurationList = 5322D2CE24F4BD3500700316 /* Build configuration list for PBXProject "Toddlers" */;
			compatibilityVersion = "Xcode 9.3";
			developmentRegion = en;
			hasScannedForEncodings = 0;
			knownRegions = (
				en,
				Base,
			);
			mainGroup = 5322D2CA24F4BD3500700316;
			productRefGroup = 5322D2D424F4BD3500700316 /* Products */;
			projectDirPath = "";
			projectRoot = "";
			targets = (
				5322D2D224F4BD3500700316 /* Toddlers */,
			);
		};
/* End PBXProject section */

/* Begin PBXResourcesBuildPhase section */
		5322D2D124F4BD3500700316 /* Resources */ = {
			isa = PBXResourcesBuildPhase;
			buildActionMask = 2147483647;
			files = (
				538D4A0E24F99AF50076CD49 /* PriceSelection.storyboard in Resources */,
				5322D2E324F4BD3700700316 /* LaunchScreen.storyboard in Resources */,
				531412F224F7324600173EC3 /* SellToys.storyboard in Resources */,
				538926B524F5E09600FFC71B /* Contact.storyboard in Resources */,
				531412FA24F732B000173EC3 /* ChangeTime.storyboard in Resources */,
				5322D2E024F4BD3700700316 /* Assets.xcassets in Resources */,
				536AE70124F5E2D400ED558B /* SelectionView.storyboard in Resources */,
				5322D2DE24F4BD3500700316 /* Main.storyboard in Resources */,
				531412F624F7329700173EC3 /* PlayDate.storyboard in Resources */,
				538926B324F5E08B00FFC71B /* ScheduleView.storyboard in Resources */,
			);
			runOnlyForDeploymentPostprocessing = 0;
		};
/* End PBXResourcesBuildPhase section */

/* Begin PBXSourcesBuildPhase section */
		5322D2CF24F4BD3500700316 /* Sources */ = {
			isa = PBXSourcesBuildPhase;
			buildActionMask = 2147483647;
			files = (
				538926AC24F5E02900FFC71B /* ScheduleViewController.swift in Sources */,
				5322D2DB24F4BD3500700316 /* ViewController.swift in Sources */,
				531412FC24F732BC00173EC3 /* ChangeTimeViewController.swift in Sources */,
				5322D2D724F4BD3500700316 /* AppDelegate.swift in Sources */,
				538D4A1024F99B030076CD49 /* PriceSelectionViewController.swift in Sources */,
				5322D2D924F4BD3500700316 /* SceneDelegate.swift in Sources */,
				531412F424F7325600173EC3 /* SellToysViewController.swift in Sources */,
				538926AE24F5E05300FFC71B /* ContactViewController.swift in Sources */,
				536AE70324F5E2E100ED558B /* SelectionViewController.swift in Sources */,
				531412F824F732A200173EC3 /* PlayDateViewController.swift in Sources */,
			);
			runOnlyForDeploymentPostprocessing = 0;
		};
/* End PBXSourcesBuildPhase section */

/* Begin PBXVariantGroup section */
		5322D2DC24F4BD3500700316 /* Main.storyboard */ = {
			isa = PBXVariantGroup;
			children = (
				5322D2DD24F4BD3500700316 /* Base */,
			);
			name = Main.storyboard;
			sourceTree = "<group>";
		};
		5322D2E124F4BD3700700316 /* LaunchScreen.storyboard */ = {
			isa = PBXVariantGroup;
			children = (
				5322D2E224F4BD3700700316 /* Base */,
			);
			name = LaunchScreen.storyboard;
			sourceTree = "<group>";
		};
/* End PBXVariantGroup section */

/* Begin XCBuildConfiguration section */
		5322D2E524F4BD3700700316 /* Debug */ = {
			isa = XCBuildConfiguration;
			buildSettings = {
				ALWAYS_SEARCH_USER_PATHS = NO;
				CLANG_ANALYZER_NONNULL = YES;
				CLANG_ANALYZER_NUMBER_OBJECT_CONVERSION = YES_AGGRESSIVE;
				CLANG_CXX_LANGUAGE_STANDARD = "gnu++14";
				CLANG_CXX_LIBRARY = "libc++";
				CLANG_ENABLE_MODULES = YES;
				CLANG_ENABLE_OBJC_ARC = YES;
				CLANG_ENABLE_OBJC_WEAK = YES;
				CLANG_WARN_BLOCK_CAPTURE_AUTORELEASING = YES;
				CLANG_WARN_BOOL_CONVERSION = YES;
				CLANG_WARN_COMMA = YES;
				CLANG_WARN_CONSTANT_CONVERSION = YES;
				CLANG_WARN_DEPRECATED_OBJC_IMPLEMENTATIONS = YES;
				CLANG_WARN_DIRECT_OBJC_ISA_USAGE = YES_ERROR;
				CLANG_WARN_DOCUMENTATION_COMMENTS = YES;
				CLANG_WARN_EMPTY_BODY = YES;
				CLANG_WARN_ENUM_CONVERSION = YES;
				CLANG_WARN_INFINITE_RECURSION = YES;
				CLANG_WARN_INT_CONVERSION = YES;
				CLANG_WARN_NON_LITERAL_NULL_CONVERSION = YES;
				CLANG_WARN_OBJC_IMPLICIT_RETAIN_SELF = YES;
				CLANG_WARN_OBJC_LITERAL_CONVERSION = YES;
				CLANG_WARN_OBJC_ROOT_CLASS = YES_ERROR;
				CLANG_WARN_RANGE_LOOP_ANALYSIS = YES;
				CLANG_WARN_STRICT_PROTOTYPES = YES;
				CLANG_WARN_SUSPICIOUS_MOVE = YES;
				CLANG_WARN_UNGUARDED_AVAILABILITY = YES_AGGRESSIVE;
				CLANG_WARN_UNREACHABLE_CODE = YES;
				CLANG_WARN__DUPLICATE_METHOD_MATCH = YES;
				COPY_PHASE_STRIP = NO;
				DEBUG_INFORMATION_FORMAT = dwarf;
				ENABLE_STRICT_OBJC_MSGSEND = YES;
				ENABLE_TESTABILITY = YES;
				GCC_C_LANGUAGE_STANDARD = gnu11;
				GCC_DYNAMIC_NO_PIC = NO;
				GCC_NO_COMMON_BLOCKS = YES;
				GCC_OPTIMIZATION_LEVEL = 0;
				GCC_PREPROCESSOR_DEFINITIONS = (
					"DEBUG=1",
					"$(inherited)",
				);
				GCC_WARN_64_TO_32_BIT_CONVERSION = YES;
				GCC_WARN_ABOUT_RETURN_TYPE = YES_ERROR;
				GCC_WARN_UNDECLARED_SELECTOR = YES;
				GCC_WARN_UNINITIALIZED_AUTOS = YES_AGGRESSIVE;
				GCC_WARN_UNUSED_FUNCTION = YES;
				GCC_WARN_UNUSED_VARIABLE = YES;
				IPHONEOS_DEPLOYMENT_TARGET = 13.6;
				MTL_ENABLE_DEBUG_INFO = INCLUDE_SOURCE;
				MTL_FAST_MATH = YES;
				ONLY_ACTIVE_ARCH = YES;
				SDKROOT = iphoneos;
				SWIFT_ACTIVE_COMPILATION_CONDITIONS = DEBUG;
				SWIFT_OPTIMIZATION_LEVEL = "-Onone";
			};
			name = Debug;
		};
		5322D2E624F4BD3700700316 /* Release */ = {
			isa = XCBuildConfiguration;
			buildSettings = {
				ALWAYS_SEARCH_USER_PATHS = NO;
				CLANG_ANALYZER_NONNULL = YES;
				CLANG_ANALYZER_NUMBER_OBJECT_CONVERSION = YES_AGGRESSIVE;
				CLANG_CXX_LANGUAGE_STANDARD = "gnu++14";
				CLANG_CXX_LIBRARY = "libc++";
				CLANG_ENABLE_MODULES = YES;
				CLANG_ENABLE_OBJC_ARC = YES;
				CLANG_ENABLE_OBJC_WEAK = YES;
				CLANG_WARN_BLOCK_CAPTURE_AUTORELEASING = YES;
				CLANG_WARN_BOOL_CONVERSION = YES;
				CLANG_WARN_COMMA = YES;
				CLANG_WARN_CONSTANT_CONVERSION = YES;
				CLANG_WARN_DEPRECATED_OBJC_IMPLEMENTATIONS = YES;
				CLANG_WARN_DIRECT_OBJC_ISA_USAGE = YES_ERROR;
				CLANG_WARN_DOCUMENTATION_COMMENTS = YES;
				CLANG_WARN_EMPTY_BODY = YES;
				CLANG_WARN_ENUM_CONVERSION = YES;
				CLANG_WARN_INFINITE_RECURSION = YES;
				CLANG_WARN_INT_CONVERSION = YES;
				CLANG_WARN_NON_LITERAL_NULL_CONVERSION = YES;
				CLANG_WARN_OBJC_IMPLICIT_RETAIN_SELF = YES;
				CLANG_WARN_OBJC_LITERAL_CONVERSION = YES;
				CLANG_WARN_OBJC_ROOT_CLASS = YES_ERROR;
				CLANG_WARN_RANGE_LOOP_ANALYSIS = YES;
				CLANG_WARN_STRICT_PROTOTYPES = YES;
				CLANG_WARN_SUSPICIOUS_MOVE = YES;
				CLANG_WARN_UNGUARDED_AVAILABILITY = YES_AGGRESSIVE;
				CLANG_WARN_UNREACHABLE_CODE = YES;
				CLANG_WARN__DUPLICATE_METHOD_MATCH = YES;
				COPY_PHASE_STRIP = NO;
				DEBUG_INFORMATION_FORMAT = "dwarf-with-dsym";
				ENABLE_NS_ASSERTIONS = NO;
				ENABLE_STRICT_OBJC_MSGSEND = YES;
				GCC_C_LANGUAGE_STANDARD = gnu11;
				GCC_NO_COMMON_BLOCKS = YES;
				GCC_WARN_64_TO_32_BIT_CONVERSION = YES;
				GCC_WARN_ABOUT_RETURN_TYPE = YES_ERROR;
				GCC_WARN_UNDECLARED_SELECTOR = YES;
				GCC_WARN_UNINITIALIZED_AUTOS = YES_AGGRESSIVE;
				GCC_WARN_UNUSED_FUNCTION = YES;
				GCC_WARN_UNUSED_VARIABLE = YES;
				IPHONEOS_DEPLOYMENT_TARGET = 13.6;
				MTL_ENABLE_DEBUG_INFO = NO;
				MTL_FAST_MATH = YES;
				SDKROOT = iphoneos;
				SWIFT_COMPILATION_MODE = wholemodule;
				SWIFT_OPTIMIZATION_LEVEL = "-O";
				VALIDATE_PRODUCT = YES;
			};
			name = Release;
		};
		5322D2E824F4BD3700700316 /* Debug */ = {
			isa = XCBuildConfiguration;
			buildSettings = {
				ASSETCATALOG_COMPILER_APPICON_NAME = AppIcon;
				CODE_SIGN_STYLE = Automatic;
				DEVELOPMENT_TEAM = WPR3K55VLC;
				INFOPLIST_FILE = Toddlers/Info.plist;
				LD_RUNPATH_SEARCH_PATHS = (
					"$(inherited)",
					"@executable_path/Frameworks",
				);
				PRODUCT_BUNDLE_IDENTIFIER = me.francis.christian.Toddlers;
				PRODUCT_NAME = "$(TARGET_NAME)";
				SWIFT_VERSION = 5.0;
				TARGETED_DEVICE_FAMILY = "1,2";
			};
			name = Debug;
		};
		5322D2E924F4BD3700700316 /* Release */ = {
			isa = XCBuildConfiguration;
			buildSettings = {
				ASSETCATALOG_COMPILER_APPICON_NAME = AppIcon;
				CODE_SIGN_STYLE = Automatic;
				DEVELOPMENT_TEAM = WPR3K55VLC;
				INFOPLIST_FILE = Toddlers/Info.plist;
				LD_RUNPATH_SEARCH_PATHS = (
					"$(inherited)",
					"@executable_path/Frameworks",
				);
				PRODUCT_BUNDLE_IDENTIFIER = me.francis.christian.Toddlers;
				PRODUCT_NAME = "$(TARGET_NAME)";
				SWIFT_VERSION = 5.0;
				TARGETED_DEVICE_FAMILY = "1,2";
			};
			name = Release;
		};
/* End XCBuildConfiguration section */

/* Begin XCConfigurationList section */
		5322D2CE24F4BD3500700316 /* Build configuration list for PBXProject "Toddlers" */ = {
			isa = XCConfigurationList;
			buildConfigurations = (
				5322D2E524F4BD3700700316 /* Debug */,
				5322D2E624F4BD3700700316 /* Release */,
			);
			defaultConfigurationIsVisible = 0;
			defaultConfigurationName = Release;
		};
		5322D2E724F4BD3700700316 /* Build configuration list for PBXNativeTarget "Toddlers" */ = {
			isa = XCConfigurationList;
			buildConfigurations = (
				5322D2E824F4BD3700700316 /* Debug */,
				5322D2E924F4BD3700700316 /* Release */,
			);
			defaultConfigurationIsVisible = 0;
			defaultConfigurationName = Release;
		};
/* End XCConfigurationList section */
	};
	rootObject = 5322D2CB24F4BD3500700316 /* Project object */;
}
